<?xml version="1.0" encoding="utf-8"?>
<Project ToolsVersion="4.0" xmlns="http://schemas.microsoft.com/developer/msbuild/2003">
  <ItemGroup>
    <Filter Include="Source Files">
      <UniqueIdentifier>{4FC737F1-C7A5-4376-A066-2A32D752A2FF}</UniqueIdentifier>
      <Extensions>cpp;c;cc;cxx;c++;def;odl;idl;hpj;bat;asm;asmx</Extensions>
    </Filter>
    <Filter Include="Header Files">
      <UniqueIdentifier>{93995380-89BD-4b04-88EB-625FBE52EBFB}</UniqueIdentifier>
      <Extensions>h;hh;hpp;hxx;h++;hm;inl;inc;ipp;xsd</Extensions>
    </Filter>
    <Filter Include="Resource Files">
      <UniqueIdentifier>{67DA6AB6-F800-4c08-8B7A-83BB121AAD01}</UniqueIdentifier>
      <Extensions>rc;ico;cur;bmp;dlg;rc2;rct;bin;rgs;gif;jpg;jpeg;jpe;resx;tiff;tif;png;wav;mfcribbon-ms</Extensions>
    </Filter>
  </ItemGroup>
  <ItemGroup>
    <ClCompile Include="debug trong visual studio.cpp">
      <Filter>Source Files</Filter>
    </ClCompile>
    <ClCompile Include="bai 26 ham inline.cpp">
      <Filter>Source Files</Filter>
    </ClCompile>
    <ClCompile Include="bai 40 con tro NULL va con tro void.cpp">
      <Filter>Source Files</Filter>
    </ClCompile>
    <ClCompile Include="bai 44 con tro struct.cpp">
      <Filter>Source Files</Filter>
    </ClCompile>
    <ClCompile Include="bai 39 con tro mang 2 chieu.cpp">
      <Filter>Source Files</Filter>
    </ClCompile>
    <ClCompile Include="bai 38 con tro va mang mot chieu.cpp">
      <Filter>Source Files</Filter>
    </ClCompile>
    <ClCompile Include="bai 37 con tro va tham chieu.cpp">
      <Filter>Source Files</Filter>
    </ClCompile>
    <ClCompile Include="bai 34 gan gia tri cho truoc trong mang mot chieu.cpp">
      <Filter>Source Files</Filter>
    </ClCompile>
    <ClCompile Include="bai 41 giai phong vung nho cap phat dong.cpp">
      <Filter>Source Files</Filter>
    </ClCompile>
    <ClCompile Include="bai 2 ham sinh so ngau nhien.cpp">
      <Filter>Source Files</Filter>
    </ClCompile>
    <ClCompile Include="bai 1 hello world.cpp">
      <Filter>Source Files</Filter>
    </ClCompile>
    <ClCompile Include="bai 43 kieu du lieu nguoi dung dinh nghia-struct.cpp">
      <Filter>Source Files</Filter>
    </ClCompile>
    <ClCompile Include="bai 35 mang 2 chieu cap phat dong.cpp">
      <Filter>Source Files</Filter>
    </ClCompile>
    <ClCompile Include="bai 21 mang dong.cpp">
      <Filter>Source Files</Filter>
    </ClCompile>
    <ClCompile Include="bai 30 tham chieu hang.cpp">
      <Filter>Source Files</Filter>
    </ClCompile>
    <ClCompile Include="bai 36 tong quan ve con tro.cpp">
      <Filter>Source Files</Filter>
    </ClCompile>
    <ClCompile Include="bai 42 thu vien cmath.cpp">
      <Filter>Source Files</Filter>
    </ClCompile>
    <ClCompile Include="bai 22 xaukitu.cpp">
      <Filter>Source Files</Filter>
    </ClCompile>
    <ClCompile Include="bai 46 lop class.cpp">
      <Filter>Source Files</Filter>
    </ClCompile>
    <ClCompile Include="ve hinh trong C++.cpp">
      <Filter>Source Files</Filter>
    </ClCompile>
    <ClCompile Include="game ngu.cpp">
      <Filter>Source Files</Filter>
    </ClCompile>
    <ClCompile Include="bai 47 ham khoi tao ham huy.cpp">
      <Filter>Source Files</Filter>
    </ClCompile>
    <ClCompile Include="bai 48 tinh dong goi private .cpp">
      <Filter>Source Files</Filter>
    </ClCompile>
    <ClCompile Include="bai 49 tinh dong goi du lieu public.cpp">
      <Filter>Source Files</Filter>
    </ClCompile>
    <ClCompile Include="bai 50 con tro this.cpp">
      <Filter>Source Files</Filter>
    </ClCompile>
    <ClCompile Include="bai 51 cac thanh phan static.cpp">
      <Filter>Source Files</Filter>
    </ClCompile>
    <ClCompile Include="bai 53 ham nguyen mau template function.cpp">
      <Filter>Source Files</Filter>
    </ClCompile>
    <ClCompile Include="bai 54 lop nguyen mau template class.cpp">
      <Filter>Source Files</Filter>
    </ClCompile>
    <ClCompile Include="bai 55 ham ban.cpp">
      <Filter>Source Files</Filter>
    </ClCompile>
    <ClCompile Include="bai 56 lop ban.cpp">
      <Filter>Source Files</Filter>
    </ClCompile>
    <ClCompile Include="bai 57 A tinh ke thua.cpp">
      <Filter>Source Files</Filter>
    </ClCompile>
    <ClCompile Include="bai 57 B tinh ke thua.cpp">
      <Filter>Source Files</Filter>
    </ClCompile>
    <ClCompile Include="bai 58 thanh phan protected.cpp">
      <Filter>Source Files</Filter>
    </ClCompile>
    <ClCompile Include="bai 60 nap chong ham function overloading.cpp">
      <Filter>Source Files</Filter>
    </ClCompile>
    <ClCompile Include="bai 61 nap chong toan tu operator loading .cpp">
      <Filter>Source Files</Filter>
    </ClCompile>
    <ClCompile Include="bai 62 ghi de overriding.cpp">
      <Filter>Source Files</Filter>
    </ClCompile>
    <ClCompile Include="bai 64 lop string.cpp">
      <Filter>Source Files</Filter>
    </ClCompile>
    <ClCompile Include="bai 65 cac phuong thuc thuong dung cua lop string.cpp">
      <Filter>Source Files</Filter>
    </ClCompile>
    <ClCompile Include="bai 66 B doc tat ca cac du lieu co trong file text.cpp">
      <Filter>Source Files</Filter>
    </ClCompile>
    <ClCompile Include="bai 66 A doc du lieu tu file text.cpp">
      <Filter>Source Files</Filter>
    </ClCompile>
    <ClCompile Include="bai 66 C doc du lieu cua doi tuong luu duoi dang text.cpp">
      <Filter>Source Files</Filter>
    </ClCompile>
    <ClCompile Include="bai 67 ghi thong tin ra file text.cpp">
      <Filter>Source Files</Filter>
    </ClCompile>
    <ClCompile Include="bai 68 ghi object vao file nhi phan.cpp">
      <Filter>Source Files</Filter>
    </ClCompile>
    <ClCompile Include="bai 69 doc file nhi phan.cpp">
      <Filter>Source Files</Filter>
    </ClCompile>
    <ClCompile Include="bai 71 namespace.cpp">
      <Filter>Source Files</Filter>
    </ClCompile>
    <ClCompile Include="gioi thieu auto keyworked.cpp">
      <Filter>Source Files</Filter>
    </ClCompile>
    <ClCompile Include="gioi thieu ve vector.cpp">
      <Filter>Source Files</Filter>
    </ClCompile>
    <ClCompile Include="Source.cpp">
      <Filter>Source Files</Filter>
    </ClCompile>
    <ClCompile Include="comm.cpp">
      <Filter>Source Files</Filter>
    </ClCompile>
  </ItemGroup>
  <ItemGroup>
    <Text Include="input.txt">
      <Filter>Resource Files</Filter>
    </Text>
    <Text Include="input2.txt">
      <Filter>Resource Files</Filter>
    </Text>
  </ItemGroup>
  <ItemGroup>
    <None Include="input3.txt">
      <Filter>Resource Files</Filter>
    </None>
    <None Include="binary.bin">
      <Filter>Resource Files</Filter>
    </None>
  </ItemGroup>
  <ItemGroup>
    <ClInclude Include="Header.h">
      <Filter>Header Files</Filter>
    </ClInclude>
    <ClInclude Include="comm.h">
      <Filter>Header Files</Filter>
    </ClInclude>
  </ItemGroup>
</Project>